
Microsoft Visual Studio Solution File, Format Version 12.00
# Visual Studio Version 17
VisualStudioVersion = 17.4.33103.184
MinimumVisualStudioVersion = 10.0.40219.1
Project("{2150E333-8FDC-42A3-9474-1A3956D46DE8}") = "Application", "Application", "{9E3166FB-E129-497C-8F81-967DD55DBFCC}"
EndProject
Project("{2150E333-8FDC-42A3-9474-1A3956D46DE8}") = "Infraestructure", "Infraestructure", "{6CF5AF8A-4D76-4D9D-A3AB-3D0F3700987B}"
EndProject
Project("{2150E333-8FDC-42A3-9474-1A3956D46DE8}") = "Domain", "Domain", "{EE755B8C-2843-4269-9B06-0D11788A806F}"
EndProject
Project("{2150E333-8FDC-42A3-9474-1A3956D46DE8}") = "Services", "Services", "{3CEAD9D3-1670-4594-A108-792F81EED6A9}"
EndProject
Project("{2150E333-8FDC-42A3-9474-1A3956D46DE8}") = "Transversal", "Transversal", "{1AC40175-7843-40C2-A88B-0248867041FE}"
EndProject
Project("{9A19103F-16F7-4668-BE54-9A1E7A4F7556}") = "AA.Bancs.Infraestructure.Data", "AA.Bancs.Infraestructure.Data\AA.Bancs.Infraestructure.Data.csproj", "{77D2230A-360B-4933-8C64-7C0D135F740F}"
EndProject
Project("{9A19103F-16F7-4668-BE54-9A1E7A4F7556}") = "AA.Bancs.Domain.Entity", "AA.Bancs.Domain.Entity\AA.Bancs.Domain.Entity.csproj", "{E81DFE15-595A-4FE2-AC80-A9BB53F8419C}"
EndProject
Project("{9A19103F-16F7-4668-BE54-9A1E7A4F7556}") = "AA.Bancs.Infraestructure.Interface", "AA.Bancs.Infraestructure.Interface\AA.Bancs.Infraestructure.Interface.csproj", "{4766782F-320F-4072-932B-80248A893A11}"
EndProject
Project("{9A19103F-16F7-4668-BE54-9A1E7A4F7556}") = "AA.Bancs.Infraesctructure.Repository", "AA.Bancs.Infraesctructure.Repository\AA.Bancs.Infraesctructure.Repository.csproj", "{9FA923CE-8986-4D3D-9738-07E46E954730}"
EndProject
Project("{9A19103F-16F7-4668-BE54-9A1E7A4F7556}") = "AA.Bancs.Application.DTO", "AA.Bancs.Applications.DTO\AA.Bancs.Application.DTO.csproj", "{27BAC456-73B4-49B2-A763-3687821D830F}"
EndProject
Project("{9A19103F-16F7-4668-BE54-9A1E7A4F7556}") = "AA.Bancs.Application.Interface", "AA.Bancs.Application.Interface\AA.Bancs.Application.Interface.csproj", "{F1D519BE-8B1E-425E-AA65-2D3A60452FEF}"
EndProject
Project("{9A19103F-16F7-4668-BE54-9A1E7A4F7556}") = "AA.Bancs.Application.Main", "AA.Bancs.Application.Main\AA.Bancs.Application.Main.csproj", "{975D6250-F8FE-475A-8BDE-55255A0F9BCC}"
EndProject
Project("{9A19103F-16F7-4668-BE54-9A1E7A4F7556}") = "AA.Bancs.Transversal.Commom", "AA.Bancs.Transversal.Commom\AA.Bancs.Transversal.Commom.csproj", "{38A60F6D-610E-41B2-8BAC-2BC09ABDACD5}"
EndProject
Project("{9A19103F-16F7-4668-BE54-9A1E7A4F7556}") = "AA.Bancs.Domain.Core", "AA.Bancs.Domain.Core\AA.Bancs.Domain.Core.csproj", "{D03CABD9-159B-454A-9B12-088E042371A9}"
EndProject
Project("{9A19103F-16F7-4668-BE54-9A1E7A4F7556}") = "AA.Bancs.Domain.Interface", "AA.Bancs.Domain.Interface\AA.Bancs.Domain.Interface.csproj", "{5BE4CC7B-3523-42B4-A626-D52941BC5D3E}"
EndProject
Project("{9A19103F-16F7-4668-BE54-9A1E7A4F7556}") = "AA.Bancs.Services.WebApi", "AA.Bancs.Services.WebApi\AA.Bancs.Services.WebApi.csproj", "{5895592E-ED4F-4363-A648-D9FB6C5B05D4}"
EndProject
Project("{FAE04EC0-301F-11D3-BF4B-00C04F79EFBC}") = "AA.Bancs.Transversal.Mapper", "AA.Bancs.Transversal.Mapp\AA.Bancs.Transversal.Mapper.csproj", "{842DE79D-6D25-48C2-AB8E-39AB65A36F02}"
EndProject
Global
	GlobalSection(SolutionConfigurationPlatforms) = preSolution
		Debug|Any CPU = Debug|Any CPU
		Release|Any CPU = Release|Any CPU
	EndGlobalSection
	GlobalSection(ProjectConfigurationPlatforms) = postSolution
		{77D2230A-360B-4933-8C64-7C0D135F740F}.Debug|Any CPU.ActiveCfg = Debug|Any CPU
		{77D2230A-360B-4933-8C64-7C0D135F740F}.Debug|Any CPU.Build.0 = Debug|Any CPU
		{77D2230A-360B-4933-8C64-7C0D135F740F}.Release|Any CPU.ActiveCfg = Release|Any CPU
		{77D2230A-360B-4933-8C64-7C0D135F740F}.Release|Any CPU.Build.0 = Release|Any CPU
		{E81DFE15-595A-4FE2-AC80-A9BB53F8419C}.Debug|Any CPU.ActiveCfg = Debug|Any CPU
		{E81DFE15-595A-4FE2-AC80-A9BB53F8419C}.Debug|Any CPU.Build.0 = Debug|Any CPU
		{E81DFE15-595A-4FE2-AC80-A9BB53F8419C}.Release|Any CPU.ActiveCfg = Release|Any CPU
		{E81DFE15-595A-4FE2-AC80-A9BB53F8419C}.Release|Any CPU.Build.0 = Release|Any CPU
		{4766782F-320F-4072-932B-80248A893A11}.Debug|Any CPU.ActiveCfg = Debug|Any CPU
		{4766782F-320F-4072-932B-80248A893A11}.Debug|Any CPU.Build.0 = Debug|Any CPU
		{4766782F-320F-4072-932B-80248A893A11}.Release|Any CPU.ActiveCfg = Release|Any CPU
		{4766782F-320F-4072-932B-80248A893A11}.Release|Any CPU.Build.0 = Release|Any CPU
		{9FA923CE-8986-4D3D-9738-07E46E954730}.Debug|Any CPU.ActiveCfg = Debug|Any CPU
		{9FA923CE-8986-4D3D-9738-07E46E954730}.Debug|Any CPU.Build.0 = Debug|Any CPU
		{9FA923CE-8986-4D3D-9738-07E46E954730}.Release|Any CPU.ActiveCfg = Release|Any CPU
		{9FA923CE-8986-4D3D-9738-07E46E954730}.Release|Any CPU.Build.0 = Release|Any CPU
		{27BAC456-73B4-49B2-A763-3687821D830F}.Debug|Any CPU.ActiveCfg = Debug|Any CPU
		{27BAC456-73B4-49B2-A763-3687821D830F}.Debug|Any CPU.Build.0 = Debug|Any CPU
		{27BAC456-73B4-49B2-A763-3687821D830F}.Release|Any CPU.ActiveCfg = Release|Any CPU
		{27BAC456-73B4-49B2-A763-3687821D830F}.Release|Any CPU.Build.0 = Release|Any CPU
		{F1D519BE-8B1E-425E-AA65-2D3A60452FEF}.Debug|Any CPU.ActiveCfg = Debug|Any CPU
		{F1D519BE-8B1E-425E-AA65-2D3A60452FEF}.Debug|Any CPU.Build.0 = Debug|Any CPU
		{F1D519BE-8B1E-425E-AA65-2D3A60452FEF}.Release|Any CPU.ActiveCfg = Release|Any CPU
		{F1D519BE-8B1E-425E-AA65-2D3A60452FEF}.Release|Any CPU.Build.0 = Release|Any CPU
		{975D6250-F8FE-475A-8BDE-55255A0F9BCC}.Debug|Any CPU.ActiveCfg = Debug|Any CPU
		{975D6250-F8FE-475A-8BDE-55255A0F9BCC}.Debug|Any CPU.Build.0 = Debug|Any CPU
		{975D6250-F8FE-475A-8BDE-55255A0F9BCC}.Release|Any CPU.ActiveCfg = Release|Any CPU
		{975D6250-F8FE-475A-8BDE-55255A0F9BCC}.Release|Any CPU.Build.0 = Release|Any CPU
		{38A60F6D-610E-41B2-8BAC-2BC09ABDACD5}.Debug|Any CPU.ActiveCfg = Debug|Any CPU
		{38A60F6D-610E-41B2-8BAC-2BC09ABDACD5}.Debug|Any CPU.Build.0 = Debug|Any CPU
		{38A60F6D-610E-41B2-8BAC-2BC09ABDACD5}.Release|Any CPU.ActiveCfg = Release|Any CPU
		{38A60F6D-610E-41B2-8BAC-2BC09ABDACD5}.Release|Any CPU.Build.0 = Release|Any CPU
		{D03CABD9-159B-454A-9B12-088E042371A9}.Debug|Any CPU.ActiveCfg = Debug|Any CPU
		{D03CABD9-159B-454A-9B12-088E042371A9}.Debug|Any CPU.Build.0 = Debug|Any CPU
		{D03CABD9-159B-454A-9B12-088E042371A9}.Release|Any CPU.ActiveCfg = Release|Any CPU
		{D03CABD9-159B-454A-9B12-088E042371A9}.Release|Any CPU.Build.0 = Release|Any CPU
		{5BE4CC7B-3523-42B4-A626-D52941BC5D3E}.Debug|Any CPU.ActiveCfg = Debug|Any CPU
		{5BE4CC7B-3523-42B4-A626-D52941BC5D3E}.Debug|Any CPU.Build.0 = Debug|Any CPU
		{5BE4CC7B-3523-42B4-A626-D52941BC5D3E}.Release|Any CPU.ActiveCfg = Release|Any CPU
		{5BE4CC7B-3523-42B4-A626-D52941BC5D3E}.Release|Any CPU.Build.0 = Release|Any CPU
		{5895592E-ED4F-4363-A648-D9FB6C5B05D4}.Debug|Any CPU.ActiveCfg = Debug|Any CPU
		{5895592E-ED4F-4363-A648-D9FB6C5B05D4}.Debug|Any CPU.Build.0 = Debug|Any CPU
		{5895592E-ED4F-4363-A648-D9FB6C5B05D4}.Release|Any CPU.ActiveCfg = Release|Any CPU
		{5895592E-ED4F-4363-A648-D9FB6C5B05D4}.Release|Any CPU.Build.0 = Release|Any CPU
		{842DE79D-6D25-48C2-AB8E-39AB65A36F02}.Debug|Any CPU.ActiveCfg = Debug|Any CPU
		{842DE79D-6D25-48C2-AB8E-39AB65A36F02}.Debug|Any CPU.Build.0 = Debug|Any CPU
		{842DE79D-6D25-48C2-AB8E-39AB65A36F02}.Release|Any CPU.ActiveCfg = Release|Any CPU
		{842DE79D-6D25-48C2-AB8E-39AB65A36F02}.Release|Any CPU.Build.0 = Release|Any CPU
	EndGlobalSection
	GlobalSection(SolutionProperties) = preSolution
		HideSolutionNode = FALSE
	EndGlobalSection
	GlobalSection(NestedProjects) = preSolution
		{77D2230A-360B-4933-8C64-7C0D135F740F} = {6CF5AF8A-4D76-4D9D-A3AB-3D0F3700987B}
		{E81DFE15-595A-4FE2-AC80-A9BB53F8419C} = {EE755B8C-2843-4269-9B06-0D11788A806F}
		{4766782F-320F-4072-932B-80248A893A11} = {6CF5AF8A-4D76-4D9D-A3AB-3D0F3700987B}
		{9FA923CE-8986-4D3D-9738-07E46E954730} = {6CF5AF8A-4D76-4D9D-A3AB-3D0F3700987B}
		{27BAC456-73B4-49B2-A763-3687821D830F} = {9E3166FB-E129-497C-8F81-967DD55DBFCC}
		{F1D519BE-8B1E-425E-AA65-2D3A60452FEF} = {9E3166FB-E129-497C-8F81-967DD55DBFCC}
		{975D6250-F8FE-475A-8BDE-55255A0F9BCC} = {9E3166FB-E129-497C-8F81-967DD55DBFCC}
		{38A60F6D-610E-41B2-8BAC-2BC09ABDACD5} = {1AC40175-7843-40C2-A88B-0248867041FE}
		{D03CABD9-159B-454A-9B12-088E042371A9} = {EE755B8C-2843-4269-9B06-0D11788A806F}
		{5BE4CC7B-3523-42B4-A626-D52941BC5D3E} = {EE755B8C-2843-4269-9B06-0D11788A806F}
		{5895592E-ED4F-4363-A648-D9FB6C5B05D4} = {3CEAD9D3-1670-4594-A108-792F81EED6A9}
		{842DE79D-6D25-48C2-AB8E-39AB65A36F02} = {1AC40175-7843-40C2-A88B-0248867041FE}
	EndGlobalSection
	GlobalSection(ExtensibilityGlobals) = postSolution
		SolutionGuid = {99BD3E5B-44AF-4429-8253-0D5978CACF83}
	EndGlobalSection
EndGlobal
